
Microsoft Visual Studio Solution File, Format Version 12.00
# Visual Studio Version 16
VisualStudioVersion = 16.0.30804.86
MinimumVisualStudioVersion = 10.0.40219.1
Project("{FAE04EC0-301F-11D3-BF4B-00C04F79EFBC}") = "DefinexService.API", "DefinexService\DefinexService.API.csproj", "{BDADC560-5CE2-4EED-9197-6C9F7FDADD25}"
EndProject
Project("{FAE04EC0-301F-11D3-BF4B-00C04F79EFBC}") = "DefinexService.DAL", "DefinexService.DAL\DefinexService.DAL.csproj", "{9EAFE06A-BEEE-498D-987E-CE8F9220513D}"
EndProject
Project("{FAE04EC0-301F-11D3-BF4B-00C04F79EFBC}") = "DefinexService.BL", "DefinexService.BL\DefinexService.BL.csproj", "{D760C1CA-1420-4B50-9924-E451A150F17A}"
EndProject
Global
	GlobalSection(SolutionConfigurationPlatforms) = preSolution
		Debug|Any CPU = Debug|Any CPU
		Release|Any CPU = Release|Any CPU
	EndGlobalSection
	GlobalSection(ProjectConfigurationPlatforms) = postSolution
		{BDADC560-5CE2-4EED-9197-6C9F7FDADD25}.Debug|Any CPU.ActiveCfg = Debug|Any CPU
		{BDADC560-5CE2-4EED-9197-6C9F7FDADD25}.Debug|Any CPU.Build.0 = Debug|Any CPU
		{BDADC560-5CE2-4EED-9197-6C9F7FDADD25}.Release|Any CPU.ActiveCfg = Release|Any CPU
		{BDADC560-5CE2-4EED-9197-6C9F7FDADD25}.Release|Any CPU.Build.0 = Release|Any CPU
		{9EAFE06A-BEEE-498D-987E-CE8F9220513D}.Debug|Any CPU.ActiveCfg = Debug|Any CPU
		{9EAFE06A-BEEE-498D-987E-CE8F9220513D}.Debug|Any CPU.Build.0 = Debug|Any CPU
		{9EAFE06A-BEEE-498D-987E-CE8F9220513D}.Release|Any CPU.ActiveCfg = Release|Any CPU
		{9EAFE06A-BEEE-498D-987E-CE8F9220513D}.Release|Any CPU.Build.0 = Release|Any CPU
		{D760C1CA-1420-4B50-9924-E451A150F17A}.Debug|Any CPU.ActiveCfg = Debug|Any CPU
		{D760C1CA-1420-4B50-9924-E451A150F17A}.Debug|Any CPU.Build.0 = Debug|Any CPU
		{D760C1CA-1420-4B50-9924-E451A150F17A}.Release|Any CPU.ActiveCfg = Release|Any CPU
		{D760C1CA-1420-4B50-9924-E451A150F17A}.Release|Any CPU.Build.0 = Release|Any CPU
	EndGlobalSection
	GlobalSection(SolutionProperties) = preSolution
		HideSolutionNode = FALSE
	EndGlobalSection
	GlobalSection(ExtensibilityGlobals) = postSolution
		SolutionGuid = {7413EB92-768A-44B2-AE10-0B6AC716A6B1}
	EndGlobalSection
EndGlobal
